// !$*UTF8*$!
{
	archiveVersion = 1;
	classes = {
	};
	objectVersion = 50;
	objects = {

/* Begin PBXBuildFile section */
		3D93047B282B43FC4F3495D9 /* libPods-learnObjective-C.a in Frameworks */ = {isa = PBXBuildFile; fileRef = E20BBEA862C14C4C792771ED /* libPods-learnObjective-C.a */; };
		9E5D9210207058C900B3F97F /* YHOutScreenShotController.m in Sources */ = {isa = PBXBuildFile; fileRef = 9E5D920F207058C900B3F97F /* YHOutScreenShotController.m */; };
		9EEF7C6A209858F100818C08 /* YHTestYYLabelViewController.m in Sources */ = {isa = PBXBuildFile; fileRef = 9EEF7C69209858F100818C08 /* YHTestYYLabelViewController.m */; };
		9EEF7C6D209863E900818C08 /* YHTestUILabelViewController.m in Sources */ = {isa = PBXBuildFile; fileRef = 9EEF7C6C209863E900818C08 /* YHTestUILabelViewController.m */; };
		E50FC52820BE435A003A2FEC /* HYCountDownViewController.m in Sources */ = {isa = PBXBuildFile; fileRef = E50FC52720BE435A003A2FEC /* HYCountDownViewController.m */; };
		E50FC52B20BE43C8003A2FEC /* HYCountDownBtn.m in Sources */ = {isa = PBXBuildFile; fileRef = E50FC52A20BE43C8003A2FEC /* HYCountDownBtn.m */; };
		E51B0ED22076048200CD456D /* YHAnmiationTimeViewController.m in Sources */ = {isa = PBXBuildFile; fileRef = E51B0ED12076048200CD456D /* YHAnmiationTimeViewController.m */; };
		E528E7A020D668C700965110 /* test.png in Resources */ = {isa = PBXBuildFile; fileRef = E528E79F20D668C700965110 /* test.png */; };
		E52FED3120525BC600734A99 /* AppDelegate.m in Sources */ = {isa = PBXBuildFile; fileRef = E52FED3020525BC600734A99 /* AppDelegate.m */; };
		E52FED3720525BC600734A99 /* Main.storyboard in Resources */ = {isa = PBXBuildFile; fileRef = E52FED3520525BC600734A99 /* Main.storyboard */; };
		E52FED3920525BC800734A99 /* Assets.xcassets in Resources */ = {isa = PBXBuildFile; fileRef = E52FED3820525BC800734A99 /* Assets.xcassets */; };
		E52FED3C20525BC800734A99 /* LaunchScreen.storyboard in Resources */ = {isa = PBXBuildFile; fileRef = E52FED3A20525BC800734A99 /* LaunchScreen.storyboard */; };
		E52FED3F20525BC800734A99 /* main.m in Sources */ = {isa = PBXBuildFile; fileRef = E52FED3E20525BC800734A99 /* main.m */; };
		E52FED4820525CB100734A99 /* YHMainViewController.m in Sources */ = {isa = PBXBuildFile; fileRef = E52FED4720525CB100734A99 /* YHMainViewController.m */; };
		E52FED4B20525D3000734A99 /* YHNavViewController.m in Sources */ = {isa = PBXBuildFile; fileRef = E52FED4A20525D3000734A99 /* YHNavViewController.m */; };
		E52FED4F20525D5A00734A99 /* YHBaseViewController.m in Sources */ = {isa = PBXBuildFile; fileRef = E52FED4E20525D5A00734A99 /* YHBaseViewController.m */; };
		E52FED5520525F6800734A99 /* YHView.m in Sources */ = {isa = PBXBuildFile; fileRef = E52FED5420525F6800734A99 /* YHView.m */; };
		E52FED5820525F8B00734A99 /* YHTableView.m in Sources */ = {isa = PBXBuildFile; fileRef = E52FED5720525F8B00734A99 /* YHTableView.m */; };
		E52FED5B20525FC800734A99 /* YHBaseTableViewModel.m in Sources */ = {isa = PBXBuildFile; fileRef = E52FED5A20525FC800734A99 /* YHBaseTableViewModel.m */; };
		E56A824C20D2064D00AFB07F /* YHDownSamplingController.m in Sources */ = {isa = PBXBuildFile; fileRef = E56A824B20D2064D00AFB07F /* YHDownSamplingController.m */; };
		E56B812E206E246F0034C691 /* YHTimer.m in Sources */ = {isa = PBXBuildFile; fileRef = E56B812D206E246F0034C691 /* YHTimer.m */; };
		E56B8134206E675A0034C691 /* YHRunLoopTestViewController.m in Sources */ = {isa = PBXBuildFile; fileRef = E56B8133206E675A0034C691 /* YHRunLoopTestViewController.m */; };
		E598F05420BBE7B1000755F9 /* YHTestStackViewController.m in Sources */ = {isa = PBXBuildFile; fileRef = E598F05320BBE7B1000755F9 /* YHTestStackViewController.m */; };
		E5BD3D28206E1B340035B2E8 /* YHMainRLTaskManager.m in Sources */ = {isa = PBXBuildFile; fileRef = E5BD3D27206E1B330035B2E8 /* YHMainRLTaskManager.m */; };
/* End PBXBuildFile section */

/* Begin PBXFileReference section */
		22E44AF7952C84FF8732D5D6 /* Pods-learnObjective-C.debug.xcconfig */ = {isa = PBXFileReference; includeInIndex = 1; lastKnownFileType = text.xcconfig; name = "Pods-learnObjective-C.debug.xcconfig"; path = "Pods/Target Support Files/Pods-learnObjective-C/Pods-learnObjective-C.debug.xcconfig"; sourceTree = "<group>"; };
		76FE3E9FAEA59AE1CDC1EF8E /* Pods-learnObjective-C.release.xcconfig */ = {isa = PBXFileReference; includeInIndex = 1; lastKnownFileType = text.xcconfig; name = "Pods-learnObjective-C.release.xcconfig"; path = "Pods/Target Support Files/Pods-learnObjective-C/Pods-learnObjective-C.release.xcconfig"; sourceTree = "<group>"; };
		9E5D920E207058C900B3F97F /* YHOutScreenShotController.h */ = {isa = PBXFileReference; fileEncoding = 4; lastKnownFileType = sourcecode.c.h; path = YHOutScreenShotController.h; sourceTree = "<group>"; };
		9E5D920F207058C900B3F97F /* YHOutScreenShotController.m */ = {isa = PBXFileReference; fileEncoding = 4; lastKnownFileType = sourcecode.c.objc; path = YHOutScreenShotController.m; sourceTree = "<group>"; };
		9EEF7C68209858F100818C08 /* YHTestYYLabelViewController.h */ = {isa = PBXFileReference; lastKnownFileType = sourcecode.c.h; path = YHTestYYLabelViewController.h; sourceTree = "<group>"; };
		9EEF7C69209858F100818C08 /* YHTestYYLabelViewController.m */ = {isa = PBXFileReference; lastKnownFileType = sourcecode.c.objc; path = YHTestYYLabelViewController.m; sourceTree = "<group>"; };
		9EEF7C6B209863E900818C08 /* YHTestUILabelViewController.h */ = {isa = PBXFileReference; lastKnownFileType = sourcecode.c.h; path = YHTestUILabelViewController.h; sourceTree = "<group>"; };
		9EEF7C6C209863E900818C08 /* YHTestUILabelViewController.m */ = {isa = PBXFileReference; lastKnownFileType = sourcecode.c.objc; path = YHTestUILabelViewController.m; sourceTree = "<group>"; };
		E20BBEA862C14C4C792771ED /* libPods-learnObjective-C.a */ = {isa = PBXFileReference; explicitFileType = archive.ar; includeInIndex = 0; path = "libPods-learnObjective-C.a"; sourceTree = BUILT_PRODUCTS_DIR; };
		E50FC52620BE435A003A2FEC /* HYCountDownViewController.h */ = {isa = PBXFileReference; lastKnownFileType = sourcecode.c.h; path = HYCountDownViewController.h; sourceTree = "<group>"; };
		E50FC52720BE435A003A2FEC /* HYCountDownViewController.m */ = {isa = PBXFileReference; lastKnownFileType = sourcecode.c.objc; path = HYCountDownViewController.m; sourceTree = "<group>"; };
		E50FC52920BE43C8003A2FEC /* HYCountDownBtn.h */ = {isa = PBXFileReference; fileEncoding = 4; lastKnownFileType = sourcecode.c.h; path = HYCountDownBtn.h; sourceTree = "<group>"; };
		E50FC52A20BE43C8003A2FEC /* HYCountDownBtn.m */ = {isa = PBXFileReference; fileEncoding = 4; lastKnownFileType = sourcecode.c.objc; path = HYCountDownBtn.m; sourceTree = "<group>"; };
		E51B0ED02076048200CD456D /* YHAnmiationTimeViewController.h */ = {isa = PBXFileReference; lastKnownFileType = sourcecode.c.h; path = YHAnmiationTimeViewController.h; sourceTree = "<group>"; };
		E51B0ED12076048200CD456D /* YHAnmiationTimeViewController.m */ = {isa = PBXFileReference; lastKnownFileType = sourcecode.c.objc; path = YHAnmiationTimeViewController.m; sourceTree = "<group>"; };
		E528E79F20D668C700965110 /* test.png */ = {isa = PBXFileReference; lastKnownFileType = image.png; path = test.png; sourceTree = "<group>"; };
		E52FED2C20525BC600734A99 /* learnObjective-C.app */ = {isa = PBXFileReference; explicitFileType = wrapper.application; includeInIndex = 0; path = "learnObjective-C.app"; sourceTree = BUILT_PRODUCTS_DIR; };
		E52FED2F20525BC600734A99 /* AppDelegate.h */ = {isa = PBXFileReference; lastKnownFileType = sourcecode.c.h; path = AppDelegate.h; sourceTree = "<group>"; };
		E52FED3020525BC600734A99 /* AppDelegate.m */ = {isa = PBXFileReference; lastKnownFileType = sourcecode.c.objc; path = AppDelegate.m; sourceTree = "<group>"; };
		E52FED3620525BC600734A99 /* Base */ = {isa = PBXFileReference; lastKnownFileType = file.storyboard; name = Base; path = Base.lproj/Main.storyboard; sourceTree = "<group>"; };
		E52FED3820525BC800734A99 /* Assets.xcassets */ = {isa = PBXFileReference; lastKnownFileType = folder.assetcatalog; path = Assets.xcassets; sourceTree = "<group>"; };
		E52FED3B20525BC800734A99 /* Base */ = {isa = PBXFileReference; lastKnownFileType = file.storyboard; name = Base; path = Base.lproj/LaunchScreen.storyboard; sourceTree = "<group>"; };
		E52FED3D20525BC800734A99 /* Info.plist */ = {isa = PBXFileReference; lastKnownFileType = text.plist.xml; path = Info.plist; sourceTree = "<group>"; };
		E52FED3E20525BC800734A99 /* main.m */ = {isa = PBXFileReference; lastKnownFileType = sourcecode.c.objc; path = main.m; sourceTree = "<group>"; };
		E52FED4620525CB100734A99 /* YHMainViewController.h */ = {isa = PBXFileReference; lastKnownFileType = sourcecode.c.h; path = YHMainViewController.h; sourceTree = "<group>"; };
		E52FED4720525CB100734A99 /* YHMainViewController.m */ = {isa = PBXFileReference; lastKnownFileType = sourcecode.c.objc; path = YHMainViewController.m; sourceTree = "<group>"; };
		E52FED4920525D3000734A99 /* YHNavViewController.h */ = {isa = PBXFileReference; lastKnownFileType = sourcecode.c.h; path = YHNavViewController.h; sourceTree = "<group>"; };
		E52FED4A20525D3000734A99 /* YHNavViewController.m */ = {isa = PBXFileReference; lastKnownFileType = sourcecode.c.objc; path = YHNavViewController.m; sourceTree = "<group>"; };
		E52FED4D20525D5A00734A99 /* YHBaseViewController.h */ = {isa = PBXFileReference; lastKnownFileType = sourcecode.c.h; path = YHBaseViewController.h; sourceTree = "<group>"; };
		E52FED4E20525D5A00734A99 /* YHBaseViewController.m */ = {isa = PBXFileReference; lastKnownFileType = sourcecode.c.objc; path = YHBaseViewController.m; sourceTree = "<group>"; };
		E52FED5320525F6800734A99 /* YHView.h */ = {isa = PBXFileReference; lastKnownFileType = sourcecode.c.h; path = YHView.h; sourceTree = "<group>"; };
		E52FED5420525F6800734A99 /* YHView.m */ = {isa = PBXFileReference; lastKnownFileType = sourcecode.c.objc; path = YHView.m; sourceTree = "<group>"; };
		E52FED5620525F8B00734A99 /* YHTableView.h */ = {isa = PBXFileReference; lastKnownFileType = sourcecode.c.h; path = YHTableView.h; sourceTree = "<group>"; };
		E52FED5720525F8B00734A99 /* YHTableView.m */ = {isa = PBXFileReference; lastKnownFileType = sourcecode.c.objc; path = YHTableView.m; sourceTree = "<group>"; };
		E52FED5920525FC800734A99 /* YHBaseTableViewModel.h */ = {isa = PBXFileReference; lastKnownFileType = sourcecode.c.h; path = YHBaseTableViewModel.h; sourceTree = "<group>"; };
		E52FED5A20525FC800734A99 /* YHBaseTableViewModel.m */ = {isa = PBXFileReference; lastKnownFileType = sourcecode.c.objc; path = YHBaseTableViewModel.m; sourceTree = "<group>"; };
		E56A824A20D2064D00AFB07F /* YHDownSamplingController.h */ = {isa = PBXFileReference; lastKnownFileType = sourcecode.c.h; path = YHDownSamplingController.h; sourceTree = "<group>"; };
		E56A824B20D2064D00AFB07F /* YHDownSamplingController.m */ = {isa = PBXFileReference; lastKnownFileType = sourcecode.c.objc; path = YHDownSamplingController.m; sourceTree = "<group>"; };
		E56B812C206E246F0034C691 /* YHTimer.h */ = {isa = PBXFileReference; lastKnownFileType = sourcecode.c.h; path = YHTimer.h; sourceTree = "<group>"; };
		E56B812D206E246F0034C691 /* YHTimer.m */ = {isa = PBXFileReference; lastKnownFileType = sourcecode.c.objc; path = YHTimer.m; sourceTree = "<group>"; };
		E56B8132206E675A0034C691 /* YHRunLoopTestViewController.h */ = {isa = PBXFileReference; lastKnownFileType = sourcecode.c.h; path = YHRunLoopTestViewController.h; sourceTree = "<group>"; };
		E56B8133206E675A0034C691 /* YHRunLoopTestViewController.m */ = {isa = PBXFileReference; lastKnownFileType = sourcecode.c.objc; path = YHRunLoopTestViewController.m; sourceTree = "<group>"; };
		E598F05220BBE7B1000755F9 /* YHTestStackViewController.h */ = {isa = PBXFileReference; lastKnownFileType = sourcecode.c.h; path = YHTestStackViewController.h; sourceTree = "<group>"; };
		E598F05320BBE7B1000755F9 /* YHTestStackViewController.m */ = {isa = PBXFileReference; lastKnownFileType = sourcecode.c.objc; path = YHTestStackViewController.m; sourceTree = "<group>"; };
		E5BD3D26206E1B330035B2E8 /* YHMainRLTaskManager.h */ = {isa = PBXFileReference; fileEncoding = 4; lastKnownFileType = sourcecode.c.h; path = YHMainRLTaskManager.h; sourceTree = "<group>"; };
		E5BD3D27206E1B330035B2E8 /* YHMainRLTaskManager.m */ = {isa = PBXFileReference; fileEncoding = 4; lastKnownFileType = sourcecode.c.objc; path = YHMainRLTaskManager.m; sourceTree = "<group>"; };
/* End PBXFileReference section */

/* Begin PBXFrameworksBuildPhase section */
		E52FED2920525BC600734A99 /* Frameworks */ = {
			isa = PBXFrameworksBuildPhase;
			buildActionMask = 2147483647;
			files = (
				3D93047B282B43FC4F3495D9 /* libPods-learnObjective-C.a in Frameworks */,
			);
			runOnlyForDeploymentPostprocessing = 0;
		};
/* End PBXFrameworksBuildPhase section */

/* Begin PBXGroup section */
		0E193221A7B2DE8118A576BE /* Frameworks */ = {
			isa = PBXGroup;
			children = (
				E20BBEA862C14C4C792771ED /* libPods-learnObjective-C.a */,
			);
			name = Frameworks;
			sourceTree = "<group>";
		};
		680729E79C51316FFB1680AF /* Pods */ = {
			isa = PBXGroup;
			children = (
				22E44AF7952C84FF8732D5D6 /* Pods-learnObjective-C.debug.xcconfig */,
				76FE3E9FAEA59AE1CDC1EF8E /* Pods-learnObjective-C.release.xcconfig */,
			);
			name = Pods;
			sourceTree = "<group>";
		};
		E52FED2320525BC600734A99 = {
			isa = PBXGroup;
			children = (
				E52FED2E20525BC600734A99 /* learnObjective-C */,
				E52FED2D20525BC600734A99 /* Products */,
				680729E79C51316FFB1680AF /* Pods */,
				0E193221A7B2DE8118A576BE /* Frameworks */,
			);
			sourceTree = "<group>";
		};
		E52FED2D20525BC600734A99 /* Products */ = {
			isa = PBXGroup;
			children = (
				E52FED2C20525BC600734A99 /* learnObjective-C.app */,
			);
			name = Products;
			sourceTree = "<group>";
		};
		E52FED2E20525BC600734A99 /* learnObjective-C */ = {
			isa = PBXGroup;
			children = (
				E52FED4C20525D3800734A99 /* Base */,
				E52FED4520525C8900734A99 /* Main */,
				E52FED2F20525BC600734A99 /* AppDelegate.h */,
				E52FED3020525BC600734A99 /* AppDelegate.m */,
				E52FED3520525BC600734A99 /* Main.storyboard */,
				E52FED3820525BC800734A99 /* Assets.xcassets */,
				E52FED3A20525BC800734A99 /* LaunchScreen.storyboard */,
				E52FED3D20525BC800734A99 /* Info.plist */,
				E52FED3E20525BC800734A99 /* main.m */,
			);
			path = "learnObjective-C";
			sourceTree = "<group>";
		};
		E52FED4520525C8900734A99 /* Main */ = {
			isa = PBXGroup;
			children = (
				E5BD3D26206E1B330035B2E8 /* YHMainRLTaskManager.h */,
				E5BD3D27206E1B330035B2E8 /* YHMainRLTaskManager.m */,
				E52FED4620525CB100734A99 /* YHMainViewController.h */,
				E52FED4720525CB100734A99 /* YHMainViewController.m */,
				E56B812C206E246F0034C691 /* YHTimer.h */,
				E56B812D206E246F0034C691 /* YHTimer.m */,
				E50FC52920BE43C8003A2FEC /* HYCountDownBtn.h */,
				E50FC52A20BE43C8003A2FEC /* HYCountDownBtn.m */,
				E56B8132206E675A0034C691 /* YHRunLoopTestViewController.h */,
				E56B8133206E675A0034C691 /* YHRunLoopTestViewController.m */,
				9E5D920E207058C900B3F97F /* YHOutScreenShotController.h */,
				9E5D920F207058C900B3F97F /* YHOutScreenShotController.m */,
				E51B0ED02076048200CD456D /* YHAnmiationTimeViewController.h */,
				E51B0ED12076048200CD456D /* YHAnmiationTimeViewController.m */,
				9EEF7C68209858F100818C08 /* YHTestYYLabelViewController.h */,
				9EEF7C69209858F100818C08 /* YHTestYYLabelViewController.m */,
				9EEF7C6B209863E900818C08 /* YHTestUILabelViewController.h */,
				9EEF7C6C209863E900818C08 /* YHTestUILabelViewController.m */,
				E598F05220BBE7B1000755F9 /* YHTestStackViewController.h */,
				E598F05320BBE7B1000755F9 /* YHTestStackViewController.m */,
				E50FC52620BE435A003A2FEC /* HYCountDownViewController.h */,
				E50FC52720BE435A003A2FEC /* HYCountDownViewController.m */,
				E56A824A20D2064D00AFB07F /* YHDownSamplingController.h */,
				E56A824B20D2064D00AFB07F /* YHDownSamplingController.m */,
				E528E79F20D668C700965110 /* test.png */,
			);
			path = Main;
			sourceTree = "<group>";
		};
		E52FED4C20525D3800734A99 /* Base */ = {
			isa = PBXGroup;
			children = (
				E52FED5220525F3F00734A99 /* ViewModel */,
				E52FED5120525F3500734A99 /* View */,
				E52FED5020525F1300734A99 /* Controller */,
			);
			path = Base;
			sourceTree = "<group>";
		};
		E52FED5020525F1300734A99 /* Controller */ = {
			isa = PBXGroup;
			children = (
				E52FED4920525D3000734A99 /* YHNavViewController.h */,
				E52FED4A20525D3000734A99 /* YHNavViewController.m */,
				E52FED4D20525D5A00734A99 /* YHBaseViewController.h */,
				E52FED4E20525D5A00734A99 /* YHBaseViewController.m */,
			);
			path = Controller;
			sourceTree = "<group>";
		};
		E52FED5120525F3500734A99 /* View */ = {
			isa = PBXGroup;
			children = (
				E52FED5320525F6800734A99 /* YHView.h */,
				E52FED5420525F6800734A99 /* YHView.m */,
				E52FED5620525F8B00734A99 /* YHTableView.h */,
				E52FED5720525F8B00734A99 /* YHTableView.m */,
			);
			path = View;
			sourceTree = "<group>";
		};
		E52FED5220525F3F00734A99 /* ViewModel */ = {
			isa = PBXGroup;
			children = (
				E52FED5920525FC800734A99 /* YHBaseTableViewModel.h */,
				E52FED5A20525FC800734A99 /* YHBaseTableViewModel.m */,
			);
			path = ViewModel;
			sourceTree = "<group>";
		};
/* End PBXGroup section */

/* Begin PBXNativeTarget section */
		E52FED2B20525BC600734A99 /* learnObjective-C */ = {
			isa = PBXNativeTarget;
			buildConfigurationList = E52FED4220525BC800734A99 /* Build configuration list for PBXNativeTarget "learnObjective-C" */;
			buildPhases = (
				D2F87D2A9F18D2AE5818799F /* [CP] Check Pods Manifest.lock */,
				E52FED2820525BC600734A99 /* Sources */,
				E52FED2920525BC600734A99 /* Frameworks */,
				E52FED2A20525BC600734A99 /* Resources */,
			);
			buildRules = (
			);
			dependencies = (
			);
			name = "learnObjective-C";
			productName = "learnObjective-C";
			productReference = E52FED2C20525BC600734A99 /* learnObjective-C.app */;
			productType = "com.apple.product-type.application";
		};
/* End PBXNativeTarget section */

/* Begin PBXProject section */
		E52FED2420525BC600734A99 /* Project object */ = {
			isa = PBXProject;
			attributes = {
				LastUpgradeCheck = 0930;
				ORGANIZATIONNAME = "peng yihan";
				TargetAttributes = {
					E52FED2B20525BC600734A99 = {
						CreatedOnToolsVersion = 9.3;
					};
				};
			};
			buildConfigurationList = E52FED2720525BC600734A99 /* Build configuration list for PBXProject "learnObjective-C" */;
			compatibilityVersion = "Xcode 9.3";
			developmentRegion = en;
			hasScannedForEncodings = 0;
			knownRegions = (
				en,
				Base,
			);
			mainGroup = E52FED2320525BC600734A99;
			productRefGroup = E52FED2D20525BC600734A99 /* Products */;
			projectDirPath = "";
			projectRoot = "";
			targets = (
				E52FED2B20525BC600734A99 /* learnObjective-C */,
			);
		};
/* End PBXProject section */

/* Begin PBXResourcesBuildPhase section */
		E52FED2A20525BC600734A99 /* Resources */ = {
			isa = PBXResourcesBuildPhase;
			buildActionMask = 2147483647;
			files = (
				E52FED3C20525BC800734A99 /* LaunchScreen.storyboard in Resources */,
				E52FED3920525BC800734A99 /* Assets.xcassets in Resources */,
				E52FED3720525BC600734A99 /* Main.storyboard in Resources */,
				E528E7A020D668C700965110 /* test.png in Resources */,
			);
			runOnlyForDeploymentPostprocessing = 0;
		};
/* End PBXResourcesBuildPhase section */

/* Begin PBXShellScriptBuildPhase section */
		D2F87D2A9F18D2AE5818799F /* [CP] Check Pods Manifest.lock */ = {
			isa = PBXShellScriptBuildPhase;
			buildActionMask = 2147483647;
			files = (
			);
			inputPaths = (
				"${PODS_PODFILE_DIR_PATH}/Podfile.lock",
				"${PODS_ROOT}/Manifest.lock",
			);
			name = "[CP] Check Pods Manifest.lock";
			outputPaths = (
				"$(DERIVED_FILE_DIR)/Pods-learnObjective-C-checkManifestLockResult.txt",
			);
			runOnlyForDeploymentPostprocessing = 0;
			shellPath = /bin/sh;
			shellScript = "diff \"${PODS_PODFILE_DIR_PATH}/Podfile.lock\" \"${PODS_ROOT}/Manifest.lock\" > /dev/null\nif [ $? != 0 ] ; then\n    # print error to STDERR\n    echo \"error: The sandbox is not in sync with the Podfile.lock. Run 'pod install' or update your CocoaPods installation.\" >&2\n    exit 1\nfi\n# This output is used by Xcode 'outputs' to avoid re-running this script phase.\necho \"SUCCESS\" > \"${SCRIPT_OUTPUT_FILE_0}\"\n";
			showEnvVarsInLog = 0;
		};
/* End PBXShellScriptBuildPhase section */

/* Begin PBXSourcesBuildPhase section */
		E52FED2820525BC600734A99 /* Sources */ = {
			isa = PBXSourcesBuildPhase;
			buildActionMask = 2147483647;
			files = (
				E5BD3D28206E1B340035B2E8 /* YHMainRLTaskManager.m in Sources */,
				E56B812E206E246F0034C691 /* YHTimer.m in Sources */,
				9EEF7C6D209863E900818C08 /* YHTestUILabelViewController.m in Sources */,
				E52FED4B20525D3000734A99 /* YHNavViewController.m in Sources */,
				E52FED5B20525FC800734A99 /* YHBaseTableViewModel.m in Sources */,
				E50FC52B20BE43C8003A2FEC /* HYCountDownBtn.m in Sources */,
				E52FED5820525F8B00734A99 /* YHTableView.m in Sources */,
				9E5D9210207058C900B3F97F /* YHOutScreenShotController.m in Sources */,
				E52FED3F20525BC800734A99 /* main.m in Sources */,
				E52FED4820525CB100734A99 /* YHMainViewController.m in Sources */,
				E52FED4F20525D5A00734A99 /* YHBaseViewController.m in Sources */,
				E52FED3120525BC600734A99 /* AppDelegate.m in Sources */,
				9EEF7C6A209858F100818C08 /* YHTestYYLabelViewController.m in Sources */,
				E50FC52820BE435A003A2FEC /* HYCountDownViewController.m in Sources */,
				E598F05420BBE7B1000755F9 /* YHTestStackViewController.m in Sources */,
				E56B8134206E675A0034C691 /* YHRunLoopTestViewController.m in Sources */,
				E56A824C20D2064D00AFB07F /* YHDownSamplingController.m in Sources */,
				E52FED5520525F6800734A99 /* YHView.m in Sources */,
				E51B0ED22076048200CD456D /* YHAnmiationTimeViewController.m in Sources */,
			);
			runOnlyForDeploymentPostprocessing = 0;
		};
/* End PBXSourcesBuildPhase section */

/* Begin PBXVariantGroup section */
		E52FED3520525BC600734A99 /* Main.storyboard */ = {
			isa = PBXVariantGroup;
			children = (
				E52FED3620525BC600734A99 /* Base */,
			);
			name = Main.storyboard;
			sourceTree = "<group>";
		};
		E52FED3A20525BC800734A99 /* LaunchScreen.storyboard */ = {
			isa = PBXVariantGroup;
			children = (
				E52FED3B20525BC800734A99 /* Base */,
			);
			name = LaunchScreen.storyboard;
			sourceTree = "<group>";
		};
/* End PBXVariantGroup section */

/* Begin XCBuildConfiguration section */
		E52FED4020525BC800734A99 /* Debug */ = {
			isa = XCBuildConfiguration;
			buildSettings = {
				ALWAYS_SEARCH_USER_PATHS = NO;
				CLANG_ANALYZER_NONNULL = YES;
				CLANG_ANALYZER_NUMBER_OBJECT_CONVERSION = YES_AGGRESSIVE;
				CLANG_CXX_LANGUAGE_STANDARD = "gnu++14";
				CLANG_CXX_LIBRARY = "libc++";
				CLANG_ENABLE_MODULES = YES;
				CLANG_ENABLE_OBJC_ARC = YES;
				CLANG_ENABLE_OBJC_WEAK = YES;
				CLANG_WARN_BLOCK_CAPTURE_AUTORELEASING = YES;
				CLANG_WARN_BOOL_CONVERSION = YES;
				CLANG_WARN_COMMA = YES;
				CLANG_WARN_CONSTANT_CONVERSION = YES;
				CLANG_WARN_DEPRECATED_OBJC_IMPLEMENTATIONS = YES;
				CLANG_WARN_DIRECT_OBJC_ISA_USAGE = YES_ERROR;
				CLANG_WARN_DOCUMENTATION_COMMENTS = YES;
				CLANG_WARN_EMPTY_BODY = YES;
				CLANG_WARN_ENUM_CONVERSION = YES;
				CLANG_WARN_INFINITE_RECURSION = YES;
				CLANG_WARN_INT_CONVERSION = YES;
				CLANG_WARN_NON_LITERAL_NULL_CONVERSION = YES;
				CLANG_WARN_OBJC_IMPLICIT_RETAIN_SELF = YES;
				CLANG_WARN_OBJC_LITERAL_CONVERSION = YES;
				CLANG_WARN_OBJC_ROOT_CLASS = YES_ERROR;
				CLANG_WARN_RANGE_LOOP_ANALYSIS = YES;
				CLANG_WARN_STRICT_PROTOTYPES = YES;
				CLANG_WARN_SUSPICIOUS_MOVE = YES;
				CLANG_WARN_UNGUARDED_AVAILABILITY = YES_AGGRESSIVE;
				CLANG_WARN_UNREACHABLE_CODE = YES;
				CLANG_WARN__DUPLICATE_METHOD_MATCH = YES;
				CODE_SIGN_IDENTITY = "iPhone Developer";
				COPY_PHASE_STRIP = NO;
				DEBUG_INFORMATION_FORMAT = dwarf;
				ENABLE_STRICT_OBJC_MSGSEND = YES;
				ENABLE_TESTABILITY = YES;
				GCC_C_LANGUAGE_STANDARD = gnu11;
				GCC_DYNAMIC_NO_PIC = NO;
				GCC_NO_COMMON_BLOCKS = YES;
				GCC_OPTIMIZATION_LEVEL = 0;
				GCC_PREPROCESSOR_DEFINITIONS = (
					"DEBUG=1",
					"$(inherited)",
				);
				GCC_WARN_64_TO_32_BIT_CONVERSION = YES;
				GCC_WARN_ABOUT_RETURN_TYPE = YES_ERROR;
				GCC_WARN_UNDECLARED_SELECTOR = YES;
				GCC_WARN_UNINITIALIZED_AUTOS = YES_AGGRESSIVE;
				GCC_WARN_UNUSED_FUNCTION = YES;
				GCC_WARN_UNUSED_VARIABLE = YES;
				IPHONEOS_DEPLOYMENT_TARGET = 11.3;
				MTL_ENABLE_DEBUG_INFO = YES;
				ONLY_ACTIVE_ARCH = YES;
				SDKROOT = iphoneos;
			};
			name = Debug;
		};
		E52FED4120525BC800734A99 /* Release */ = {
			isa = XCBuildConfiguration;
			buildSettings = {
				ALWAYS_SEARCH_USER_PATHS = NO;
				CLANG_ANALYZER_NONNULL = YES;
				CLANG_ANALYZER_NUMBER_OBJECT_CONVERSION = YES_AGGRESSIVE;
				CLANG_CXX_LANGUAGE_STANDARD = "gnu++14";
				CLANG_CXX_LIBRARY = "libc++";
				CLANG_ENABLE_MODULES = YES;
				CLANG_ENABLE_OBJC_ARC = YES;
				CLANG_ENABLE_OBJC_WEAK = YES;
				CLANG_WARN_BLOCK_CAPTURE_AUTORELEASING = YES;
				CLANG_WARN_BOOL_CONVERSION = YES;
				CLANG_WARN_COMMA = YES;
				CLANG_WARN_CONSTANT_CONVERSION = YES;
				CLANG_WARN_DEPRECATED_OBJC_IMPLEMENTATIONS = YES;
				CLANG_WARN_DIRECT_OBJC_ISA_USAGE = YES_ERROR;
				CLANG_WARN_DOCUMENTATION_COMMENTS = YES;
				CLANG_WARN_EMPTY_BODY = YES;
				CLANG_WARN_ENUM_CONVERSION = YES;
				CLANG_WARN_INFINITE_RECURSION = YES;
				CLANG_WARN_INT_CONVERSION = YES;
				CLANG_WARN_NON_LITERAL_NULL_CONVERSION = YES;
				CLANG_WARN_OBJC_IMPLICIT_RETAIN_SELF = YES;
				CLANG_WARN_OBJC_LITERAL_CONVERSION = YES;
				CLANG_WARN_OBJC_ROOT_CLASS = YES_ERROR;
				CLANG_WARN_RANGE_LOOP_ANALYSIS = YES;
				CLANG_WARN_STRICT_PROTOTYPES = YES;
				CLANG_WARN_SUSPICIOUS_MOVE = YES;
				CLANG_WARN_UNGUARDED_AVAILABILITY = YES_AGGRESSIVE;
				CLANG_WARN_UNREACHABLE_CODE = YES;
				CLANG_WARN__DUPLICATE_METHOD_MATCH = YES;
				CODE_SIGN_IDENTITY = "iPhone Developer";
				COPY_PHASE_STRIP = NO;
				DEBUG_INFORMATION_FORMAT = "dwarf-with-dsym";
				ENABLE_NS_ASSERTIONS = NO;
				ENABLE_STRICT_OBJC_MSGSEND = YES;
				GCC_C_LANGUAGE_STANDARD = gnu11;
				GCC_NO_COMMON_BLOCKS = YES;
				GCC_WARN_64_TO_32_BIT_CONVERSION = YES;
				GCC_WARN_ABOUT_RETURN_TYPE = YES_ERROR;
				GCC_WARN_UNDECLARED_SELECTOR = YES;
				GCC_WARN_UNINITIALIZED_AUTOS = YES_AGGRESSIVE;
				GCC_WARN_UNUSED_FUNCTION = YES;
				GCC_WARN_UNUSED_VARIABLE = YES;
				IPHONEOS_DEPLOYMENT_TARGET = 11.3;
				MTL_ENABLE_DEBUG_INFO = NO;
				SDKROOT = iphoneos;
				VALIDATE_PRODUCT = YES;
			};
			name = Release;
		};
		E52FED4320525BC800734A99 /* Debug */ = {
			isa = XCBuildConfiguration;
			baseConfigurationReference = 22E44AF7952C84FF8732D5D6 /* Pods-learnObjective-C.debug.xcconfig */;
			buildSettings = {
				ASSETCATALOG_COMPILER_APPICON_NAME = AppIcon;
				CODE_SIGN_STYLE = Automatic;
				DEVELOPMENT_TEAM = GV9235UPBK;
				INFOPLIST_FILE = "learnObjective-C/Info.plist";
				IPHONEOS_DEPLOYMENT_TARGET = 10.3;
				LD_RUNPATH_SEARCH_PATHS = (
					"$(inherited)",
					"@executable_path/Frameworks",
				);
				PRODUCT_BUNDLE_IDENTIFIER = "pengyihan.learnObjective-C";
				PRODUCT_NAME = "$(TARGET_NAME)";
				TARGETED_DEVICE_FAMILY = "1,2";
			};
			name = Debug;
		};
		E52FED4420525BC800734A99 /* Release */ = {
			isa = XCBuildConfiguration;
			baseConfigurationReference = 76FE3E9FAEA59AE1CDC1EF8E /* Pods-learnObjective-C.release.xcconfig */;
			buildSettings = {
				ASSETCATALOG_COMPILER_APPICON_NAME = AppIcon;
				CODE_SIGN_STYLE = Automatic;
				DEVELOPMENT_TEAM = GV9235UPBK;
				INFOPLIST_FILE = "learnObjective-C/Info.plist";
				IPHONEOS_DEPLOYMENT_TARGET = 10.3;
				LD_RUNPATH_SEARCH_PATHS = (
					"$(inherited)",
					"@executable_path/Frameworks",
				);
				PRODUCT_BUNDLE_IDENTIFIER = "pengyihan.learnObjective-C";
				PRODUCT_NAME = "$(TARGET_NAME)";
				TARGETED_DEVICE_FAMILY = "1,2";
			};
			name = Release;
		};
/* End XCBuildConfiguration section */

/* Begin XCConfigurationList section */
		E52FED2720525BC600734A99 /* Build configuration list for PBXProject "learnObjective-C" */ = {
			isa = XCConfigurationList;
			buildConfigurations = (
				E52FED4020525BC800734A99 /* Debug */,
				E52FED4120525BC800734A99 /* Release */,
			);
			defaultConfigurationIsVisible = 0;
			defaultConfigurationName = Release;
		};
		E52FED4220525BC800734A99 /* Build configuration list for PBXNativeTarget "learnObjective-C" */ = {
			isa = XCConfigurationList;
			buildConfigurations = (
				E52FED4320525BC800734A99 /* Debug */,
				E52FED4420525BC800734A99 /* Release */,
			);
			defaultConfigurationIsVisible = 0;
			defaultConfigurationName = Release;
		};
/* End XCConfigurationList section */
	};
	rootObject = E52FED2420525BC600734A99 /* Project object */;
}
